
Microsoft Visual Studio Solution File, Format Version 12.00
# Visual Studio 15
VisualStudioVersion = 15.0.28010.2016
MinimumVisualStudioVersion = 10.0.40219.1
Project("{FAE04EC0-301F-11D3-BF4B-00C04F79EFBC}") = "E_Commerce", "E_Commerce\E_Commerce.csproj", "{E11EE00B-3A46-4441-8EF7-58D7ECBAEF45}"
EndProject
Global
	GlobalSection(SolutionConfigurationPlatforms) = preSolution
		Debug|Any CPU = Debug|Any CPU
		Release|Any CPU = Release|Any CPU
	EndGlobalSection
	GlobalSection(ProjectConfigurationPlatforms) = postSolution
		{E11EE00B-3A46-4441-8EF7-58D7ECBAEF45}.Debug|Any CPU.ActiveCfg = Debug|Any CPU
		{E11EE00B-3A46-4441-8EF7-58D7ECBAEF45}.Debug|Any CPU.Build.0 = Debug|Any CPU
		{E11EE00B-3A46-4441-8EF7-58D7ECBAEF45}.Release|Any CPU.ActiveCfg = Release|Any CPU
		{E11EE00B-3A46-4441-8EF7-58D7ECBAEF45}.Release|Any CPU.Build.0 = Release|Any CPU
	EndGlobalSection
	GlobalSection(SolutionProperties) = preSolution
		HideSolutionNode = FALSE
	EndGlobalSection
	GlobalSection(ExtensibilityGlobals) = postSolution
		SolutionGuid = {D22A5976-2F4E-4E62-8BEF-14E1586C0A07}
	EndGlobalSection
EndGlobal
